
Microsoft Visual Studio Solution File, Format Version 12.00
# Visual Studio Version 16
VisualStudioVersion = 16.0.32901.82
MinimumVisualStudioVersion = 10.0.40219.1
Project("{FAE04EC0-301F-11D3-BF4B-00C04F79EFBC}") = "Portfolio", "Portfolio\Portfolio.csproj", "{F7E1960D-7CF7-401D-9F27-44D747D4163D}"
EndProject
Global
	GlobalSection(SolutionConfigurationPlatforms) = preSolution
		Debug|Any CPU = Debug|Any CPU
		Release|Any CPU = Release|Any CPU
	EndGlobalSection
	GlobalSection(ProjectConfigurationPlatforms) = postSolution
		{F7E1960D-7CF7-401D-9F27-44D747D4163D}.Debug|Any CPU.ActiveCfg = Debug|Any CPU
		{F7E1960D-7CF7-401D-9F27-44D747D4163D}.Debug|Any CPU.Build.0 = Debug|Any CPU
		{F7E1960D-7CF7-401D-9F27-44D747D4163D}.Release|Any CPU.ActiveCfg = Release|Any CPU
		{F7E1960D-7CF7-401D-9F27-44D747D4163D}.Release|Any CPU.Build.0 = Release|Any CPU
	EndGlobalSection
	GlobalSection(SolutionProperties) = preSolution
		HideSolutionNode = FALSE
	EndGlobalSection
	GlobalSection(ExtensibilityGlobals) = postSolution
		SolutionGuid = {9CEFAED5-6E5C-4A79-9060-60F97054CE33}
	EndGlobalSection
EndGlobal
